// !$*UTF8*$!
{
	archiveVersion = 1;
	classes = {
	};
	objectVersion = 46;
	objects = {

/* Begin PBXBuildFile section */
		08F5816E2AD8457E9BCC03A8 /* libPods.a in Frameworks */ = {isa = PBXBuildFile; fileRef = B387A76434244628A109719D /* libPods.a */; };
		0E027F2F188741B300A353BF /* UIKit.framework in Frameworks */ = {isa = PBXBuildFile; fileRef = 0E027F2E188741B200A353BF /* UIKit.framework */; };
		0E1F684018DF3A3300746E6B /* QRLibrary.m in Sources */ = {isa = PBXBuildFile; fileRef = 0E1F683F18DF3A3300746E6B /* QRLibrary.m */; };
		0E272AA318E197E9006C85A4 /* PopUpDurationViewController.m in Sources */ = {isa = PBXBuildFile; fileRef = 0E272AA218E197E9006C85A4 /* PopUpDurationViewController.m */; };
		0E272AA518E198F3006C85A4 /* PopUpDurationViewController.xib in Resources */ = {isa = PBXBuildFile; fileRef = 0E272AA418E198F3006C85A4 /* PopUpDurationViewController.xib */; };
		0E28BDDD18F702B2006C460E /* CheckmarkView.m in Sources */ = {isa = PBXBuildFile; fileRef = 0E28BDDC18F702B2006C460E /* CheckmarkView.m */; };
		0E3EE6E818BF5C22006501D4 /* PlayerProfilView.m in Sources */ = {isa = PBXBuildFile; fileRef = 0E3EE6E718BF5C22006501D4 /* PlayerProfilView.m */; };
		0E4325F5188DAC680022C7D0 /* ViewControllerLoader.m in Sources */ = {isa = PBXBuildFile; fileRef = 0E4325F4188DAC680022C7D0 /* ViewControllerLoader.m */; };
		0E5BDD1A18E9D95D00E88B59 /* Utils.m in Sources */ = {isa = PBXBuildFile; fileRef = 0E5BDD1918E9D95D00E88B59 /* Utils.m */; };
		0E70EF5E18D7098700F7B67E /* GageController.m in Sources */ = {isa = PBXBuildFile; fileRef = 0E70EF5D18D7098700F7B67E /* GageController.m */; };
		0E72354F18E0247D009E618E /* Const.m in Sources */ = {isa = PBXBuildFile; fileRef = 0E72354E18E0247D009E618E /* Const.m */; };
		0E741271188C309700821784 /* QuestionReponse.m in Sources */ = {isa = PBXBuildFile; fileRef = 0E741270188C309700821784 /* QuestionReponse.m */; };
		0E741274188C30AC00821784 /* Gage.m in Sources */ = {isa = PBXBuildFile; fileRef = 0E741273188C30AC00821784 /* Gage.m */; };
		0E741278188C316600821784 /* GameSession.m in Sources */ = {isa = PBXBuildFile; fileRef = 0E741277188C316600821784 /* GameSession.m */; };
		0E74127B188C318D00821784 /* Player.m in Sources */ = {isa = PBXBuildFile; fileRef = 0E74127A188C318D00821784 /* Player.m */; };
		0E741281188C3C6000821784 /* background.png in Resources */ = {isa = PBXBuildFile; fileRef = 0E74127D188C3C6000821784 /* background.png */; };
		0E741282188C3C6000821784 /* background@2x.png in Resources */ = {isa = PBXBuildFile; fileRef = 0E74127E188C3C6000821784 /* background@2x.png */; };
		0E741283188C3C6000821784 /* button.png in Resources */ = {isa = PBXBuildFile; fileRef = 0E74127F188C3C6000821784 /* button.png */; };
		0E741284188C3C6000821784 /* button@2x.png in Resources */ = {isa = PBXBuildFile; fileRef = 0E741280188C3C6000821784 /* button@2x.png */; };
		0E76036D18C0FBA100E657BE /* PlayersListSV.m in Sources */ = {isa = PBXBuildFile; fileRef = 0E76036C18C0FBA100E657BE /* PlayersListSV.m */; };
		0E769F2C18F848680022064D /* ChoosePackAndStarGameView.m in Sources */ = {isa = PBXBuildFile; fileRef = 0E769F2B18F848680022064D /* ChoosePackAndStarGameView.m */; };
		0E7888DD18FAD2B400FB0CCC /* PackQuestion.m in Sources */ = {isa = PBXBuildFile; fileRef = 0E7888DC18FAD2B400FB0CCC /* PackQuestion.m */; };
		0E9343A218D725C5008A538B /* GageFields.m in Sources */ = {isa = PBXBuildFile; fileRef = 0E9343A118D725C5008A538B /* GageFields.m */; };
		0E9C4F5418CA31D70039F543 /* QRFields.m in Sources */ = {isa = PBXBuildFile; fileRef = 0E9C4F5318CA31D70039F543 /* QRFields.m */; };
		0EA14B9D18C356F200BD556F /* Main.storyboard in Resources */ = {isa = PBXBuildFile; fileRef = 0EA14B9C18C356F200BD556F /* Main.storyboard */; };
		0EA240BD18CDA67100AB770B /* QRSController.m in Sources */ = {isa = PBXBuildFile; fileRef = 0EA240BC18CDA67100AB770B /* QRSController.m */; };
		0EA79E9C18EAAED600AEE11C /* OpenUDID.m in Sources */ = {isa = PBXBuildFile; fileRef = 0EA79E9B18EAAED600AEE11C /* OpenUDID.m */; };
		0EAC6BF418E436AE0077895C /* EVCircularProgressView.m in Sources */ = {isa = PBXBuildFile; fileRef = 0EAC6BF318E436AE0077895C /* EVCircularProgressView.m */; };
		0EB3B0FA1896714E0016E437 /* bg.png in Resources */ = {isa = PBXBuildFile; fileRef = 0EB3B0F81896714E0016E437 /* bg.png */; };
		0EB3B0FB1896714E0016E437 /* bg@2x.png in Resources */ = {isa = PBXBuildFile; fileRef = 0EB3B0F91896714E0016E437 /* bg@2x.png */; };
		0ED19EFA18F3F41100F1F7CF /* ItemPackQuestionContainerScrollView.m in Sources */ = {isa = PBXBuildFile; fileRef = 0ED19EF918F3F41100F1F7CF /* ItemPackQuestionContainerScrollView.m */; };
		0ED19EFD18F3F48500F1F7CF /* ItemPackQuestionView.m in Sources */ = {isa = PBXBuildFile; fileRef = 0ED19EFC18F3F48500F1F7CF /* ItemPackQuestionView.m */; };
		0ED19F0018F3F88E00F1F7CF /* ItemPackQuestion.m in Sources */ = {isa = PBXBuildFile; fileRef = 0ED19EFF18F3F88E00F1F7CF /* ItemPackQuestion.m */; };
		0EDD7E2D188590A2009F8507 /* Foundation.framework in Frameworks */ = {isa = PBXBuildFile; fileRef = 0EDD7E2C188590A2009F8507 /* Foundation.framework */; };
		0EDD7E2F188590A2009F8507 /* CoreGraphics.framework in Frameworks */ = {isa = PBXBuildFile; fileRef = 0EDD7E2E188590A2009F8507 /* CoreGraphics.framework */; };
		0EDD7E39188590A2009F8507 /* main.m in Sources */ = {isa = PBXBuildFile; fileRef = 0EDD7E38188590A2009F8507 /* main.m */; };
		0EDD7E3D188590A2009F8507 /* AppDelegate.m in Sources */ = {isa = PBXBuildFile; fileRef = 0EDD7E3C188590A2009F8507 /* AppDelegate.m */; };
		0EDD7E43188590A2009F8507 /* ViewController.m in Sources */ = {isa = PBXBuildFile; fileRef = 0EDD7E42188590A2009F8507 /* ViewController.m */; };
		0EDD7E45188590A2009F8507 /* Images.xcassets in Resources */ = {isa = PBXBuildFile; fileRef = 0EDD7E44188590A2009F8507 /* Images.xcassets */; };
		0EDD7E4C188590A2009F8507 /* XCTest.framework in Frameworks */ = {isa = PBXBuildFile; fileRef = 0EDD7E4B188590A2009F8507 /* XCTest.framework */; };
		0EDD7E4D188590A2009F8507 /* Foundation.framework in Frameworks */ = {isa = PBXBuildFile; fileRef = 0EDD7E2C188590A2009F8507 /* Foundation.framework */; };
		0EDD7E56188590A2009F8507 /* InfoPlist.strings in Resources */ = {isa = PBXBuildFile; fileRef = 0EDD7E54188590A2009F8507 /* InfoPlist.strings */; };
		0EDD7E58188590A2009F8507 /* jeuBoireTests.m in Sources */ = {isa = PBXBuildFile; fileRef = 0EDD7E57188590A2009F8507 /* jeuBoireTests.m */; };
		0EDD7E6318859680009F8507 /* ViewControllerSelectPlayers.m in Sources */ = {isa = PBXBuildFile; fileRef = 0EDD7E6218859680009F8507 /* ViewControllerSelectPlayers.m */; };
		0EDD7E6A1885A0D6009F8507 /* ViewControllerGame.m in Sources */ = {isa = PBXBuildFile; fileRef = 0EDD7E691885A0D6009F8507 /* ViewControllerGame.m */; };
		0EEFE79518DA44F4003F7738 /* Gages.m in Sources */ = {isa = PBXBuildFile; fileRef = 0EEFE79418DA44F4003F7738 /* Gages.m */; };
/* End PBXBuildFile section */

/* Begin PBXContainerItemProxy section */
		0EDD7E4F188590A2009F8507 /* PBXContainerItemProxy */ = {
			isa = PBXContainerItemProxy;
			containerPortal = 0EDD7E21188590A2009F8507 /* Project object */;
			proxyType = 1;
			remoteGlobalIDString = 0EDD7E28188590A2009F8507;
			remoteInfo = jeuBoire;
		};
/* End PBXContainerItemProxy section */

/* Begin PBXFileReference section */
		0E027F2E188741B200A353BF /* UIKit.framework */ = {isa = PBXFileReference; lastKnownFileType = wrapper.framework; name = UIKit.framework; path = System/Library/Frameworks/UIKit.framework; sourceTree = SDKROOT; };
		0E1F683E18DF3A3300746E6B /* QRLibrary.h */ = {isa = PBXFileReference; fileEncoding = 4; lastKnownFileType = sourcecode.c.h; path = QRLibrary.h; sourceTree = "<group>"; };
		0E1F683F18DF3A3300746E6B /* QRLibrary.m */ = {isa = PBXFileReference; fileEncoding = 4; lastKnownFileType = sourcecode.c.objc; path = QRLibrary.m; sourceTree = "<group>"; };
		0E272AA118E197E9006C85A4 /* PopUpDurationViewController.h */ = {isa = PBXFileReference; fileEncoding = 4; lastKnownFileType = sourcecode.c.h; path = PopUpDurationViewController.h; sourceTree = "<group>"; };
		0E272AA218E197E9006C85A4 /* PopUpDurationViewController.m */ = {isa = PBXFileReference; fileEncoding = 4; lastKnownFileType = sourcecode.c.objc; path = PopUpDurationViewController.m; sourceTree = "<group>"; };
		0E272AA418E198F3006C85A4 /* PopUpDurationViewController.xib */ = {isa = PBXFileReference; fileEncoding = 4; lastKnownFileType = file.xib; path = PopUpDurationViewController.xib; sourceTree = "<group>"; };
		0E28BDDB18F702B2006C460E /* CheckmarkView.h */ = {isa = PBXFileReference; fileEncoding = 4; lastKnownFileType = sourcecode.c.h; path = CheckmarkView.h; sourceTree = "<group>"; };
		0E28BDDC18F702B2006C460E /* CheckmarkView.m */ = {isa = PBXFileReference; fileEncoding = 4; lastKnownFileType = sourcecode.c.objc; path = CheckmarkView.m; sourceTree = "<group>"; };
		0E3EE6E618BF5C22006501D4 /* PlayerProfilView.h */ = {isa = PBXFileReference; fileEncoding = 4; lastKnownFileType = sourcecode.c.h; path = PlayerProfilView.h; sourceTree = "<group>"; };
		0E3EE6E718BF5C22006501D4 /* PlayerProfilView.m */ = {isa = PBXFileReference; fileEncoding = 4; lastKnownFileType = sourcecode.c.objc; path = PlayerProfilView.m; sourceTree = "<group>"; };
		0E4325F3188DAC680022C7D0 /* ViewControllerLoader.h */ = {isa = PBXFileReference; fileEncoding = 4; lastKnownFileType = sourcecode.c.h; path = ViewControllerLoader.h; sourceTree = "<group>"; };
		0E4325F4188DAC680022C7D0 /* ViewControllerLoader.m */ = {isa = PBXFileReference; fileEncoding = 4; lastKnownFileType = sourcecode.c.objc; path = ViewControllerLoader.m; sourceTree = "<group>"; };
		0E5BDD1818E9D95D00E88B59 /* Utils.h */ = {isa = PBXFileReference; fileEncoding = 4; lastKnownFileType = sourcecode.c.h; path = Utils.h; sourceTree = "<group>"; };
		0E5BDD1918E9D95D00E88B59 /* Utils.m */ = {isa = PBXFileReference; fileEncoding = 4; lastKnownFileType = sourcecode.c.objc; path = Utils.m; sourceTree = "<group>"; };
		0E70EF5C18D7098700F7B67E /* GageController.h */ = {isa = PBXFileReference; fileEncoding = 4; lastKnownFileType = sourcecode.c.h; path = GageController.h; sourceTree = "<group>"; };
		0E70EF5D18D7098700F7B67E /* GageController.m */ = {isa = PBXFileReference; fileEncoding = 4; lastKnownFileType = sourcecode.c.objc; path = GageController.m; sourceTree = "<group>"; };
		0E72354D18E0247D009E618E /* Const.h */ = {isa = PBXFileReference; fileEncoding = 4; lastKnownFileType = sourcecode.c.h; path = Const.h; sourceTree = "<group>"; };
		0E72354E18E0247D009E618E /* Const.m */ = {isa = PBXFileReference; fileEncoding = 4; lastKnownFileType = sourcecode.c.objc; path = Const.m; sourceTree = "<group>"; };
		0E74126F188C309700821784 /* QuestionReponse.h */ = {isa = PBXFileReference; fileEncoding = 4; lastKnownFileType = sourcecode.c.h; path = QuestionReponse.h; sourceTree = "<group>"; };
		0E741270188C309700821784 /* QuestionReponse.m */ = {isa = PBXFileReference; fileEncoding = 4; lastKnownFileType = sourcecode.c.objc; path = QuestionReponse.m; sourceTree = "<group>"; };
		0E741272188C30AC00821784 /* Gage.h */ = {isa = PBXFileReference; fileEncoding = 4; lastKnownFileType = sourcecode.c.h; path = Gage.h; sourceTree = "<group>"; };
		0E741273188C30AC00821784 /* Gage.m */ = {isa = PBXFileReference; fileEncoding = 4; lastKnownFileType = sourcecode.c.objc; path = Gage.m; sourceTree = "<group>"; };
		0E741276188C316600821784 /* GameSession.h */ = {isa = PBXFileReference; fileEncoding = 4; lastKnownFileType = sourcecode.c.h; path = GameSession.h; sourceTree = "<group>"; };
		0E741277188C316600821784 /* GameSession.m */ = {isa = PBXFileReference; fileEncoding = 4; lastKnownFileType = sourcecode.c.objc; path = GameSession.m; sourceTree = "<group>"; };
		0E741279188C318D00821784 /* Player.h */ = {isa = PBXFileReference; fileEncoding = 4; lastKnownFileType = sourcecode.c.h; path = Player.h; sourceTree = "<group>"; };
		0E74127A188C318D00821784 /* Player.m */ = {isa = PBXFileReference; fileEncoding = 4; lastKnownFileType = sourcecode.c.objc; path = Player.m; sourceTree = "<group>"; };
		0E74127D188C3C6000821784 /* background.png */ = {isa = PBXFileReference; lastKnownFileType = image.png; path = background.png; sourceTree = "<group>"; };
		0E74127E188C3C6000821784 /* background@2x.png */ = {isa = PBXFileReference; lastKnownFileType = image.png; path = "background@2x.png"; sourceTree = "<group>"; };
		0E74127F188C3C6000821784 /* button.png */ = {isa = PBXFileReference; lastKnownFileType = image.png; path = button.png; sourceTree = "<group>"; };
		0E741280188C3C6000821784 /* button@2x.png */ = {isa = PBXFileReference; lastKnownFileType = image.png; path = "button@2x.png"; sourceTree = "<group>"; };
		0E76036B18C0FBA100E657BE /* PlayersListSV.h */ = {isa = PBXFileReference; fileEncoding = 4; lastKnownFileType = sourcecode.c.h; path = PlayersListSV.h; sourceTree = "<group>"; };
		0E76036C18C0FBA100E657BE /* PlayersListSV.m */ = {isa = PBXFileReference; fileEncoding = 4; lastKnownFileType = sourcecode.c.objc; path = PlayersListSV.m; sourceTree = "<group>"; };
		0E769F2A18F848680022064D /* ChoosePackAndStarGameView.h */ = {isa = PBXFileReference; fileEncoding = 4; lastKnownFileType = sourcecode.c.h; path = ChoosePackAndStarGameView.h; sourceTree = "<group>"; };
		0E769F2B18F848680022064D /* ChoosePackAndStarGameView.m */ = {isa = PBXFileReference; fileEncoding = 4; lastKnownFileType = sourcecode.c.objc; path = ChoosePackAndStarGameView.m; sourceTree = "<group>"; };
		0E7888DB18FAD2B400FB0CCC /* PackQuestion.h */ = {isa = PBXFileReference; fileEncoding = 4; lastKnownFileType = sourcecode.c.h; path = PackQuestion.h; sourceTree = "<group>"; };
		0E7888DC18FAD2B400FB0CCC /* PackQuestion.m */ = {isa = PBXFileReference; fileEncoding = 4; lastKnownFileType = sourcecode.c.objc; path = PackQuestion.m; sourceTree = "<group>"; };
		0E9343A018D725C5008A538B /* GageFields.h */ = {isa = PBXFileReference; fileEncoding = 4; lastKnownFileType = sourcecode.c.h; path = GageFields.h; sourceTree = "<group>"; };
		0E9343A118D725C5008A538B /* GageFields.m */ = {isa = PBXFileReference; fileEncoding = 4; lastKnownFileType = sourcecode.c.objc; path = GageFields.m; sourceTree = "<group>"; };
		0E9C4F5218CA31D70039F543 /* QRFields.h */ = {isa = PBXFileReference; fileEncoding = 4; lastKnownFileType = sourcecode.c.h; path = QRFields.h; sourceTree = "<group>"; };
		0E9C4F5318CA31D70039F543 /* QRFields.m */ = {isa = PBXFileReference; fileEncoding = 4; lastKnownFileType = sourcecode.c.objc; path = QRFields.m; sourceTree = "<group>"; };
		0EA14B9C18C356F200BD556F /* Main.storyboard */ = {isa = PBXFileReference; fileEncoding = 4; lastKnownFileType = file.storyboard; name = Main.storyboard; path = ../Main.storyboard; sourceTree = "<group>"; };
		0EA240BB18CDA67100AB770B /* QRSController.h */ = {isa = PBXFileReference; fileEncoding = 4; lastKnownFileType = sourcecode.c.h; path = QRSController.h; sourceTree = "<group>"; };
		0EA240BC18CDA67100AB770B /* QRSController.m */ = {isa = PBXFileReference; fileEncoding = 4; lastKnownFileType = sourcecode.c.objc; path = QRSController.m; sourceTree = "<group>"; };
		0EA79E9A18EAAED600AEE11C /* OpenUDID.h */ = {isa = PBXFileReference; fileEncoding = 4; lastKnownFileType = sourcecode.c.h; path = OpenUDID.h; sourceTree = "<group>"; };
		0EA79E9B18EAAED600AEE11C /* OpenUDID.m */ = {isa = PBXFileReference; fileEncoding = 4; lastKnownFileType = sourcecode.c.objc; path = OpenUDID.m; sourceTree = "<group>"; };
		0EAC6BF218E436AE0077895C /* EVCircularProgressView.h */ = {isa = PBXFileReference; fileEncoding = 4; lastKnownFileType = sourcecode.c.h; path = EVCircularProgressView.h; sourceTree = "<group>"; };
		0EAC6BF318E436AE0077895C /* EVCircularProgressView.m */ = {isa = PBXFileReference; fileEncoding = 4; lastKnownFileType = sourcecode.c.objc; path = EVCircularProgressView.m; sourceTree = "<group>"; };
		0EB3B0F81896714E0016E437 /* bg.png */ = {isa = PBXFileReference; lastKnownFileType = image.png; path = bg.png; sourceTree = "<group>"; };
		0EB3B0F91896714E0016E437 /* bg@2x.png */ = {isa = PBXFileReference; lastKnownFileType = image.png; path = "bg@2x.png"; sourceTree = "<group>"; };
		0ED19EF818F3F41100F1F7CF /* ItemPackQuestionContainerScrollView.h */ = {isa = PBXFileReference; fileEncoding = 4; lastKnownFileType = sourcecode.c.h; path = ItemPackQuestionContainerScrollView.h; sourceTree = "<group>"; };
		0ED19EF918F3F41100F1F7CF /* ItemPackQuestionContainerScrollView.m */ = {isa = PBXFileReference; fileEncoding = 4; lastKnownFileType = sourcecode.c.objc; path = ItemPackQuestionContainerScrollView.m; sourceTree = "<group>"; };
		0ED19EFB18F3F48500F1F7CF /* ItemPackQuestionView.h */ = {isa = PBXFileReference; fileEncoding = 4; lastKnownFileType = sourcecode.c.h; path = ItemPackQuestionView.h; sourceTree = "<group>"; };
		0ED19EFC18F3F48500F1F7CF /* ItemPackQuestionView.m */ = {isa = PBXFileReference; fileEncoding = 4; lastKnownFileType = sourcecode.c.objc; path = ItemPackQuestionView.m; sourceTree = "<group>"; };
		0ED19EFE18F3F88E00F1F7CF /* ItemPackQuestion.h */ = {isa = PBXFileReference; fileEncoding = 4; lastKnownFileType = sourcecode.c.h; path = ItemPackQuestion.h; sourceTree = "<group>"; };
		0ED19EFF18F3F88E00F1F7CF /* ItemPackQuestion.m */ = {isa = PBXFileReference; fileEncoding = 4; lastKnownFileType = sourcecode.c.objc; path = ItemPackQuestion.m; sourceTree = "<group>"; };
		0EDD7E29188590A2009F8507 /* YouCanDoIt.app */ = {isa = PBXFileReference; explicitFileType = wrapper.application; includeInIndex = 0; path = YouCanDoIt.app; sourceTree = BUILT_PRODUCTS_DIR; };
		0EDD7E2C188590A2009F8507 /* Foundation.framework */ = {isa = PBXFileReference; lastKnownFileType = wrapper.framework; name = Foundation.framework; path = System/Library/Frameworks/Foundation.framework; sourceTree = SDKROOT; };
		0EDD7E2E188590A2009F8507 /* CoreGraphics.framework */ = {isa = PBXFileReference; lastKnownFileType = wrapper.framework; name = CoreGraphics.framework; path = System/Library/Frameworks/CoreGraphics.framework; sourceTree = SDKROOT; };
		0EDD7E34188590A2009F8507 /* YouCanDoIt-Info.plist */ = {isa = PBXFileReference; lastKnownFileType = text.plist.xml; path = "YouCanDoIt-Info.plist"; sourceTree = "<group>"; };
		0EDD7E38188590A2009F8507 /* main.m */ = {isa = PBXFileReference; lastKnownFileType = sourcecode.c.objc; path = main.m; sourceTree = "<group>"; };
		0EDD7E3A188590A2009F8507 /* YouCanDoIt-Prefix.pch */ = {isa = PBXFileReference; lastKnownFileType = sourcecode.c.h; path = "YouCanDoIt-Prefix.pch"; sourceTree = "<group>"; };
		0EDD7E3B188590A2009F8507 /* AppDelegate.h */ = {isa = PBXFileReference; lastKnownFileType = sourcecode.c.h; path = AppDelegate.h; sourceTree = "<group>"; };
		0EDD7E3C188590A2009F8507 /* AppDelegate.m */ = {isa = PBXFileReference; lastKnownFileType = sourcecode.c.objc; path = AppDelegate.m; sourceTree = "<group>"; };
		0EDD7E41188590A2009F8507 /* ViewController.h */ = {isa = PBXFileReference; lastKnownFileType = sourcecode.c.h; path = ViewController.h; sourceTree = "<group>"; };
		0EDD7E42188590A2009F8507 /* ViewController.m */ = {isa = PBXFileReference; lastKnownFileType = sourcecode.c.objc; path = ViewController.m; sourceTree = "<group>"; };
		0EDD7E44188590A2009F8507 /* Images.xcassets */ = {isa = PBXFileReference; lastKnownFileType = folder.assetcatalog; path = Images.xcassets; sourceTree = "<group>"; };
		0EDD7E4A188590A2009F8507 /* YouCanDoItTests.xctest */ = {isa = PBXFileReference; explicitFileType = wrapper.cfbundle; includeInIndex = 0; path = YouCanDoItTests.xctest; sourceTree = BUILT_PRODUCTS_DIR; };
		0EDD7E4B188590A2009F8507 /* XCTest.framework */ = {isa = PBXFileReference; lastKnownFileType = wrapper.framework; name = XCTest.framework; path = Library/Frameworks/XCTest.framework; sourceTree = DEVELOPER_DIR; };
		0EDD7E53188590A2009F8507 /* YouCanDoItTests-Info.plist */ = {isa = PBXFileReference; lastKnownFileType = text.plist.xml; path = "YouCanDoItTests-Info.plist"; sourceTree = "<group>"; };
		0EDD7E55188590A2009F8507 /* en */ = {isa = PBXFileReference; lastKnownFileType = text.plist.strings; name = en; path = en.lproj/InfoPlist.strings; sourceTree = "<group>"; };
		0EDD7E57188590A2009F8507 /* jeuBoireTests.m */ = {isa = PBXFileReference; lastKnownFileType = sourcecode.c.objc; path = jeuBoireTests.m; sourceTree = "<group>"; };
		0EDD7E6118859680009F8507 /* ViewControllerSelectPlayers.h */ = {isa = PBXFileReference; fileEncoding = 4; lastKnownFileType = sourcecode.c.h; path = ViewControllerSelectPlayers.h; sourceTree = "<group>"; };
		0EDD7E6218859680009F8507 /* ViewControllerSelectPlayers.m */ = {isa = PBXFileReference; fileEncoding = 4; lastKnownFileType = sourcecode.c.objc; path = ViewControllerSelectPlayers.m; sourceTree = "<group>"; };
		0EDD7E681885A0D6009F8507 /* ViewControllerGame.h */ = {isa = PBXFileReference; fileEncoding = 4; lastKnownFileType = sourcecode.c.h; path = ViewControllerGame.h; sourceTree = "<group>"; };
		0EDD7E691885A0D6009F8507 /* ViewControllerGame.m */ = {isa = PBXFileReference; fileEncoding = 4; lastKnownFileType = sourcecode.c.objc; path = ViewControllerGame.m; sourceTree = "<group>"; };
		0EEFE79318DA44F4003F7738 /* Gages.h */ = {isa = PBXFileReference; fileEncoding = 4; lastKnownFileType = sourcecode.c.h; path = Gages.h; sourceTree = "<group>"; };
		0EEFE79418DA44F4003F7738 /* Gages.m */ = {isa = PBXFileReference; fileEncoding = 4; lastKnownFileType = sourcecode.c.objc; path = Gages.m; sourceTree = "<group>"; };
		1E55FD6926DB4C42B323FC7B /* Pods.xcconfig */ = {isa = PBXFileReference; includeInIndex = 1; lastKnownFileType = text.xcconfig; name = Pods.xcconfig; path = Pods/Pods.xcconfig; sourceTree = "<group>"; };
		B387A76434244628A109719D /* libPods.a */ = {isa = PBXFileReference; explicitFileType = archive.ar; includeInIndex = 0; path = libPods.a; sourceTree = BUILT_PRODUCTS_DIR; };
/* End PBXFileReference section */

/* Begin PBXFrameworksBuildPhase section */
		0EDD7E26188590A2009F8507 /* Frameworks */ = {
			isa = PBXFrameworksBuildPhase;
			buildActionMask = 2147483647;
			files = (
				0E027F2F188741B300A353BF /* UIKit.framework in Frameworks */,
				0EDD7E2F188590A2009F8507 /* CoreGraphics.framework in Frameworks */,
				0EDD7E2D188590A2009F8507 /* Foundation.framework in Frameworks */,
				08F5816E2AD8457E9BCC03A8 /* libPods.a in Frameworks */,
			);
			runOnlyForDeploymentPostprocessing = 0;
		};
		0EDD7E47188590A2009F8507 /* Frameworks */ = {
			isa = PBXFrameworksBuildPhase;
			buildActionMask = 2147483647;
			files = (
				0EDD7E4C188590A2009F8507 /* XCTest.framework in Frameworks */,
				0EDD7E4D188590A2009F8507 /* Foundation.framework in Frameworks */,
			);
			runOnlyForDeploymentPostprocessing = 0;
		};
/* End PBXFrameworksBuildPhase section */

/* Begin PBXGroup section */
		0E272AA618E19D14006C85A4 /* Popup */ = {
			isa = PBXGroup;
			children = (
				0EAC6BF218E436AE0077895C /* EVCircularProgressView.h */,
				0EAC6BF318E436AE0077895C /* EVCircularProgressView.m */,
				0E272AA118E197E9006C85A4 /* PopUpDurationViewController.h */,
				0E272AA218E197E9006C85A4 /* PopUpDurationViewController.m */,
				0E272AA418E198F3006C85A4 /* PopUpDurationViewController.xib */,
			);
			name = Popup;
			sourceTree = "<group>";
		};
		0E28BDDA18F70296006C460E /* Checkmark */ = {
			isa = PBXGroup;
			children = (
				0E28BDDB18F702B2006C460E /* CheckmarkView.h */,
				0E28BDDC18F702B2006C460E /* CheckmarkView.m */,
			);
			name = Checkmark;
			sourceTree = "<group>";
		};
		0E3EE6E518BF5BEA006501D4 /* views */ = {
			isa = PBXGroup;
			children = (
				0E28BDDA18F70296006C460E /* Checkmark */,
				0ED19EF718F3F3E100F1F7CF /* ItemQuestion */,
				0ED19EF618F3F3C900F1F7CF /* ItemGage */,
				0E9C4F5218CA31D70039F543 /* QRFields.h */,
				0E9C4F5318CA31D70039F543 /* QRFields.m */,
				0E3EE6E618BF5C22006501D4 /* PlayerProfilView.h */,
				0E3EE6E718BF5C22006501D4 /* PlayerProfilView.m */,
				0E76036B18C0FBA100E657BE /* PlayersListSV.h */,
				0E76036C18C0FBA100E657BE /* PlayersListSV.m */,
				0E9343A018D725C5008A538B /* GageFields.h */,
				0E9343A118D725C5008A538B /* GageFields.m */,
				0E769F2A18F848680022064D /* ChoosePackAndStarGameView.h */,
				0E769F2B18F848680022064D /* ChoosePackAndStarGameView.m */,
			);
			name = views;
			sourceTree = "<group>";
		};
		0E5BDD1718E9D94600E88B59 /* Utils */ = {
			isa = PBXGroup;
			children = (
				0E5BDD1818E9D95D00E88B59 /* Utils.h */,
				0E5BDD1918E9D95D00E88B59 /* Utils.m */,
			);
			name = Utils;
			sourceTree = "<group>";
		};
		0E5FAC9E18EA15BC0073D9D2 /* BeforeGame */ = {
			isa = PBXGroup;
			children = (
				0EDD7E6118859680009F8507 /* ViewControllerSelectPlayers.h */,
				0EDD7E6218859680009F8507 /* ViewControllerSelectPlayers.m */,
				0E4325F3188DAC680022C7D0 /* ViewControllerLoader.h */,
				0E4325F4188DAC680022C7D0 /* ViewControllerLoader.m */,
			);
			name = BeforeGame;
			sourceTree = "<group>";
		};
		0E72354C18E02469009E618E /* config */ = {
			isa = PBXGroup;
			children = (
				0E72354D18E0247D009E618E /* Const.h */,
				0E72354E18E0247D009E618E /* Const.m */,
			);
			name = config;
			sourceTree = "<group>";
		};
		0E74126E188C307400821784 /* entity */ = {
			isa = PBXGroup;
			children = (
				0EEFE79318DA44F4003F7738 /* Gages.h */,
				0EEFE79418DA44F4003F7738 /* Gages.m */,
				0E1F683E18DF3A3300746E6B /* QRLibrary.h */,
				0E1F683F18DF3A3300746E6B /* QRLibrary.m */,
				0E74126F188C309700821784 /* QuestionReponse.h */,
				0E741270188C309700821784 /* QuestionReponse.m */,
				0E741272188C30AC00821784 /* Gage.h */,
				0E741273188C30AC00821784 /* Gage.m */,
				0E741279188C318D00821784 /* Player.h */,
				0E74127A188C318D00821784 /* Player.m */,
				0E7888DB18FAD2B400FB0CCC /* PackQuestion.h */,
				0E7888DC18FAD2B400FB0CCC /* PackQuestion.m */,
			);
			name = entity;
			sourceTree = "<group>";
		};
		0E741275188C315700821784 /* game */ = {
			isa = PBXGroup;
			children = (
				0EDD7E681885A0D6009F8507 /* ViewControllerGame.h */,
				0EDD7E691885A0D6009F8507 /* ViewControllerGame.m */,
				0E741276188C316600821784 /* GameSession.h */,
				0E741277188C316600821784 /* GameSession.m */,
			);
			name = game;
			sourceTree = "<group>";
		};
		0E74127C188C3C4200821784 /* images */ = {
			isa = PBXGroup;
			children = (
				0EB3B0F81896714E0016E437 /* bg.png */,
				0EB3B0F91896714E0016E437 /* bg@2x.png */,
				0E74127D188C3C6000821784 /* background.png */,
				0E74127E188C3C6000821784 /* background@2x.png */,
				0E74127F188C3C6000821784 /* button.png */,
				0E741280188C3C6000821784 /* button@2x.png */,
			);
			name = images;
			sourceTree = "<group>";
		};
		0EA240BA18CDA66000AB770B /* controller */ = {
			isa = PBXGroup;
			children = (
				0EA240BB18CDA67100AB770B /* QRSController.h */,
				0EA240BC18CDA67100AB770B /* QRSController.m */,
				0E70EF5C18D7098700F7B67E /* GageController.h */,
				0E70EF5D18D7098700F7B67E /* GageController.m */,
			);
			name = controller;
			sourceTree = "<group>";
		};
		0EA79E9918EAAEBB00AEE11C /* externalLib */ = {
			isa = PBXGroup;
			children = (
				0EA79E9A18EAAED600AEE11C /* OpenUDID.h */,
				0EA79E9B18EAAED600AEE11C /* OpenUDID.m */,
			);
			name = externalLib;
			sourceTree = "<group>";
		};
		0ED19EF618F3F3C900F1F7CF /* ItemGage */ = {
			isa = PBXGroup;
			children = (
			);
			name = ItemGage;
			sourceTree = "<group>";
		};
		0ED19EF718F3F3E100F1F7CF /* ItemQuestion */ = {
			isa = PBXGroup;
			children = (
				0ED19EF818F3F41100F1F7CF /* ItemPackQuestionContainerScrollView.h */,
				0ED19EF918F3F41100F1F7CF /* ItemPackQuestionContainerScrollView.m */,
				0ED19EFB18F3F48500F1F7CF /* ItemPackQuestionView.h */,
				0ED19EFC18F3F48500F1F7CF /* ItemPackQuestionView.m */,
				0ED19EFE18F3F88E00F1F7CF /* ItemPackQuestion.h */,
				0ED19EFF18F3F88E00F1F7CF /* ItemPackQuestion.m */,
			);
			name = ItemQuestion;
			sourceTree = "<group>";
		};
		0EDD7E20188590A2009F8507 = {
			isa = PBXGroup;
			children = (
				0EDD7E32188590A2009F8507 /* youCanDoIt */,
				0EDD7E51188590A2009F8507 /* youCanDoItTests */,
				0EDD7E2B188590A2009F8507 /* Frameworks */,
				0EDD7E2A188590A2009F8507 /* Products */,
				1E55FD6926DB4C42B323FC7B /* Pods.xcconfig */,
			);
			sourceTree = "<group>";
		};
		0EDD7E2A188590A2009F8507 /* Products */ = {
			isa = PBXGroup;
			children = (
				0EDD7E29188590A2009F8507 /* YouCanDoIt.app */,
				0EDD7E4A188590A2009F8507 /* YouCanDoItTests.xctest */,
			);
			name = Products;
			sourceTree = "<group>";
		};
		0EDD7E2B188590A2009F8507 /* Frameworks */ = {
			isa = PBXGroup;
			children = (
				0E027F2E188741B200A353BF /* UIKit.framework */,
				0EDD7E2C188590A2009F8507 /* Foundation.framework */,
				0EDD7E2E188590A2009F8507 /* CoreGraphics.framework */,
				0EDD7E4B188590A2009F8507 /* XCTest.framework */,
				B387A76434244628A109719D /* libPods.a */,
			);
			name = Frameworks;
			sourceTree = "<group>";
		};
		0EDD7E32188590A2009F8507 /* youCanDoIt */ = {
			isa = PBXGroup;
			children = (
				0EA79E9918EAAEBB00AEE11C /* externalLib */,
				0E5FAC9E18EA15BC0073D9D2 /* BeforeGame */,
				0E5BDD1718E9D94600E88B59 /* Utils */,
				0E272AA618E19D14006C85A4 /* Popup */,
				0E72354C18E02469009E618E /* config */,
				0EA240BA18CDA66000AB770B /* controller */,
				0E3EE6E518BF5BEA006501D4 /* views */,
				0E741275188C315700821784 /* game */,
				0E74126E188C307400821784 /* entity */,
				0E74127C188C3C4200821784 /* images */,
				0EDD7E3B188590A2009F8507 /* AppDelegate.h */,
				0EDD7E3C188590A2009F8507 /* AppDelegate.m */,
				0EA14B9C18C356F200BD556F /* Main.storyboard */,
				0EDD7E41188590A2009F8507 /* ViewController.h */,
				0EDD7E42188590A2009F8507 /* ViewController.m */,
				0EDD7E44188590A2009F8507 /* Images.xcassets */,
				0EDD7E33188590A2009F8507 /* Supporting Files */,
			);
			name = youCanDoIt;
			path = jeuBoire;
			sourceTree = "<group>";
		};
		0EDD7E33188590A2009F8507 /* Supporting Files */ = {
			isa = PBXGroup;
			children = (
				0EDD7E34188590A2009F8507 /* YouCanDoIt-Info.plist */,
				0EDD7E38188590A2009F8507 /* main.m */,
				0EDD7E3A188590A2009F8507 /* YouCanDoIt-Prefix.pch */,
			);
			name = "Supporting Files";
			sourceTree = "<group>";
		};
		0EDD7E51188590A2009F8507 /* youCanDoItTests */ = {
			isa = PBXGroup;
			children = (
				0EDD7E57188590A2009F8507 /* jeuBoireTests.m */,
				0EDD7E52188590A2009F8507 /* Supporting Files */,
			);
			name = youCanDoItTests;
			path = jeuBoireTests;
			sourceTree = "<group>";
		};
		0EDD7E52188590A2009F8507 /* Supporting Files */ = {
			isa = PBXGroup;
			children = (
				0EDD7E53188590A2009F8507 /* YouCanDoItTests-Info.plist */,
				0EDD7E54188590A2009F8507 /* InfoPlist.strings */,
			);
			name = "Supporting Files";
			sourceTree = "<group>";
		};
/* End PBXGroup section */

/* Begin PBXNativeTarget section */
		0EDD7E28188590A2009F8507 /* YouCanDoIt */ = {
			isa = PBXNativeTarget;
			buildConfigurationList = 0EDD7E5B188590A2009F8507 /* Build configuration list for PBXNativeTarget "YouCanDoIt" */;
			buildPhases = (
				FA18487B9EBF478184487161 /* Check Pods Manifest.lock */,
				0EDD7E25188590A2009F8507 /* Sources */,
				0EDD7E26188590A2009F8507 /* Frameworks */,
				0EDD7E27188590A2009F8507 /* Resources */,
				280AC03123C947D5A93D7B64 /* Copy Pods Resources */,
			);
			buildRules = (
			);
			dependencies = (
			);
			name = YouCanDoIt;
			productName = jeuBoire;
			productReference = 0EDD7E29188590A2009F8507 /* YouCanDoIt.app */;
			productType = "com.apple.product-type.application";
		};
		0EDD7E49188590A2009F8507 /* YouCanDoItTests */ = {
			isa = PBXNativeTarget;
			buildConfigurationList = 0EDD7E5E188590A2009F8507 /* Build configuration list for PBXNativeTarget "YouCanDoItTests" */;
			buildPhases = (
				0EDD7E46188590A2009F8507 /* Sources */,
				0EDD7E47188590A2009F8507 /* Frameworks */,
				0EDD7E48188590A2009F8507 /* Resources */,
			);
			buildRules = (
			);
			dependencies = (
				0EDD7E50188590A2009F8507 /* PBXTargetDependency */,
			);
			name = YouCanDoItTests;
			productName = jeuBoireTests;
			productReference = 0EDD7E4A188590A2009F8507 /* YouCanDoItTests.xctest */;
			productType = "com.apple.product-type.bundle.unit-test";
		};
/* End PBXNativeTarget section */

/* Begin PBXProject section */
		0EDD7E21188590A2009F8507 /* Project object */ = {
			isa = PBXProject;
			attributes = {
				LastUpgradeCheck = 0510;
				ORGANIZATIONNAME = "Kévin MACHADO";
				TargetAttributes = {
					0EDD7E49188590A2009F8507 = {
						TestTargetID = 0EDD7E28188590A2009F8507;
					};
				};
			};
			buildConfigurationList = 0EDD7E24188590A2009F8507 /* Build configuration list for PBXProject "YouCanDoIt" */;
			compatibilityVersion = "Xcode 3.2";
			developmentRegion = English;
			hasScannedForEncodings = 0;
			knownRegions = (
				en,
				Base,
			);
			mainGroup = 0EDD7E20188590A2009F8507;
			productRefGroup = 0EDD7E2A188590A2009F8507 /* Products */;
			projectDirPath = "";
			projectRoot = "";
			targets = (
				0EDD7E28188590A2009F8507 /* YouCanDoIt */,
				0EDD7E49188590A2009F8507 /* YouCanDoItTests */,
			);
		};
/* End PBXProject section */

/* Begin PBXResourcesBuildPhase section */
		0EDD7E27188590A2009F8507 /* Resources */ = {
			isa = PBXResourcesBuildPhase;
			buildActionMask = 2147483647;
			files = (
				0EB3B0FB1896714E0016E437 /* bg@2x.png in Resources */,
				0EDD7E45188590A2009F8507 /* Images.xcassets in Resources */,
				0E741283188C3C6000821784 /* button.png in Resources */,
				0EB3B0FA1896714E0016E437 /* bg.png in Resources */,
				0E272AA518E198F3006C85A4 /* PopUpDurationViewController.xib in Resources */,
				0E741281188C3C6000821784 /* background.png in Resources */,
				0EA14B9D18C356F200BD556F /* Main.storyboard in Resources */,
				0E741282188C3C6000821784 /* background@2x.png in Resources */,
				0E741284188C3C6000821784 /* button@2x.png in Resources */,
			);
			runOnlyForDeploymentPostprocessing = 0;
		};
		0EDD7E48188590A2009F8507 /* Resources */ = {
			isa = PBXResourcesBuildPhase;
			buildActionMask = 2147483647;
			files = (
				0EDD7E56188590A2009F8507 /* InfoPlist.strings in Resources */,
			);
			runOnlyForDeploymentPostprocessing = 0;
		};
/* End PBXResourcesBuildPhase section */

/* Begin PBXShellScriptBuildPhase section */
		280AC03123C947D5A93D7B64 /* Copy Pods Resources */ = {
			isa = PBXShellScriptBuildPhase;
			buildActionMask = 2147483647;
			files = (
			);
			inputPaths = (
			);
			name = "Copy Pods Resources";
			outputPaths = (
			);
			runOnlyForDeploymentPostprocessing = 0;
			shellPath = /bin/sh;
			shellScript = "\"${SRCROOT}/Pods/Pods-resources.sh\"\n";
			showEnvVarsInLog = 0;
		};
		FA18487B9EBF478184487161 /* Check Pods Manifest.lock */ = {
			isa = PBXShellScriptBuildPhase;
			buildActionMask = 2147483647;
			files = (
			);
			inputPaths = (
			);
			name = "Check Pods Manifest.lock";
			outputPaths = (
			);
			runOnlyForDeploymentPostprocessing = 0;
			shellPath = /bin/sh;
			shellScript = "diff \"${PODS_ROOT}/../Podfile.lock\" \"${PODS_ROOT}/Manifest.lock\" > /dev/null\nif [[ $? != 0 ]] ; then\n    cat << EOM\nerror: The sandbox is not in sync with the Podfile.lock. Run 'pod install' or update your CocoaPods installation.\nEOM\n    exit 1\nfi\n";
			showEnvVarsInLog = 0;
		};
/* End PBXShellScriptBuildPhase section */

/* Begin PBXSourcesBuildPhase section */
		0EDD7E25188590A2009F8507 /* Sources */ = {
			isa = PBXSourcesBuildPhase;
			buildActionMask = 2147483647;
			files = (
				0ED19EFA18F3F41100F1F7CF /* ItemPackQuestionContainerScrollView.m in Sources */,
				0EDD7E43188590A2009F8507 /* ViewController.m in Sources */,
				0E5BDD1A18E9D95D00E88B59 /* Utils.m in Sources */,
				0E76036D18C0FBA100E657BE /* PlayersListSV.m in Sources */,
				0EDD7E3D188590A2009F8507 /* AppDelegate.m in Sources */,
				0E9C4F5418CA31D70039F543 /* QRFields.m in Sources */,
				0E7888DD18FAD2B400FB0CCC /* PackQuestion.m in Sources */,
				0ED19F0018F3F88E00F1F7CF /* ItemPackQuestion.m in Sources */,
				0EDD7E6A1885A0D6009F8507 /* ViewControllerGame.m in Sources */,
				0EA79E9C18EAAED600AEE11C /* OpenUDID.m in Sources */,
				0EAC6BF418E436AE0077895C /* EVCircularProgressView.m in Sources */,
				0EA240BD18CDA67100AB770B /* QRSController.m in Sources */,
				0E741278188C316600821784 /* GameSession.m in Sources */,
				0E72354F18E0247D009E618E /* Const.m in Sources */,
				0ED19EFD18F3F48500F1F7CF /* ItemPackQuestionView.m in Sources */,
				0E74127B188C318D00821784 /* Player.m in Sources */,
				0EEFE79518DA44F4003F7738 /* Gages.m in Sources */,
				0E3EE6E818BF5C22006501D4 /* PlayerProfilView.m in Sources */,
				0E741271188C309700821784 /* QuestionReponse.m in Sources */,
				0E70EF5E18D7098700F7B67E /* GageController.m in Sources */,
				0E741274188C30AC00821784 /* Gage.m in Sources */,
				0E769F2C18F848680022064D /* ChoosePackAndStarGameView.m in Sources */,
				0E4325F5188DAC680022C7D0 /* ViewControllerLoader.m in Sources */,
				0E1F684018DF3A3300746E6B /* QRLibrary.m in Sources */,
				0E272AA318E197E9006C85A4 /* PopUpDurationViewController.m in Sources */,
				0EDD7E39188590A2009F8507 /* main.m in Sources */,
				0E28BDDD18F702B2006C460E /* CheckmarkView.m in Sources */,
				0E9343A218D725C5008A538B /* GageFields.m in Sources */,
				0EDD7E6318859680009F8507 /* ViewControllerSelectPlayers.m in Sources */,
			);
			runOnlyForDeploymentPostprocessing = 0;
		};
		0EDD7E46188590A2009F8507 /* Sources */ = {
			isa = PBXSourcesBuildPhase;
			buildActionMask = 2147483647;
			files = (
				0EDD7E58188590A2009F8507 /* jeuBoireTests.m in Sources */,
			);
			runOnlyForDeploymentPostprocessing = 0;
		};
/* End PBXSourcesBuildPhase section */

/* Begin PBXTargetDependency section */
		0EDD7E50188590A2009F8507 /* PBXTargetDependency */ = {
			isa = PBXTargetDependency;
			target = 0EDD7E28188590A2009F8507 /* YouCanDoIt */;
			targetProxy = 0EDD7E4F188590A2009F8507 /* PBXContainerItemProxy */;
		};
/* End PBXTargetDependency section */

/* Begin PBXVariantGroup section */
		0EDD7E54188590A2009F8507 /* InfoPlist.strings */ = {
			isa = PBXVariantGroup;
			children = (
				0EDD7E55188590A2009F8507 /* en */,
			);
			name = InfoPlist.strings;
			sourceTree = "<group>";
		};
/* End PBXVariantGroup section */

/* Begin XCBuildConfiguration section */
		0EDD7E59188590A2009F8507 /* Debug */ = {
			isa = XCBuildConfiguration;
			buildSettings = {
				ALWAYS_SEARCH_USER_PATHS = NO;
				CLANG_CXX_LANGUAGE_STANDARD = "gnu++0x";
				CLANG_CXX_LIBRARY = "libc++";
				CLANG_ENABLE_MODULES = YES;
				CLANG_ENABLE_OBJC_ARC = YES;
				CLANG_WARN_BOOL_CONVERSION = YES;
				CLANG_WARN_CONSTANT_CONVERSION = YES;
				CLANG_WARN_DIRECT_OBJC_ISA_USAGE = YES_ERROR;
				CLANG_WARN_EMPTY_BODY = YES;
				CLANG_WARN_ENUM_CONVERSION = YES;
				CLANG_WARN_INT_CONVERSION = YES;
				CLANG_WARN_OBJC_ROOT_CLASS = YES_ERROR;
				CLANG_WARN__DUPLICATE_METHOD_MATCH = YES;
				"CODE_SIGN_IDENTITY[sdk=iphoneos*]" = "iPhone Developer";
				COPY_PHASE_STRIP = NO;
				GCC_C_LANGUAGE_STANDARD = gnu99;
				GCC_DYNAMIC_NO_PIC = NO;
				GCC_OPTIMIZATION_LEVEL = 0;
				GCC_PREPROCESSOR_DEFINITIONS = (
					"DEBUG=1",
					"$(inherited)",
				);
				GCC_SYMBOLS_PRIVATE_EXTERN = NO;
				GCC_WARN_64_TO_32_BIT_CONVERSION = YES;
				GCC_WARN_ABOUT_RETURN_TYPE = YES_ERROR;
				GCC_WARN_UNDECLARED_SELECTOR = YES;
				GCC_WARN_UNINITIALIZED_AUTOS = YES;
				GCC_WARN_UNUSED_FUNCTION = YES;
				GCC_WARN_UNUSED_VARIABLE = YES;
				IPHONEOS_DEPLOYMENT_TARGET = 7.0;
				ONLY_ACTIVE_ARCH = YES;
				SDKROOT = iphoneos;
			};
			name = Debug;
		};
		0EDD7E5A188590A2009F8507 /* Release */ = {
			isa = XCBuildConfiguration;
			buildSettings = {
				ALWAYS_SEARCH_USER_PATHS = NO;
				CLANG_CXX_LANGUAGE_STANDARD = "gnu++0x";
				CLANG_CXX_LIBRARY = "libc++";
				CLANG_ENABLE_MODULES = YES;
				CLANG_ENABLE_OBJC_ARC = YES;
				CLANG_WARN_BOOL_CONVERSION = YES;
				CLANG_WARN_CONSTANT_CONVERSION = YES;
				CLANG_WARN_DIRECT_OBJC_ISA_USAGE = YES_ERROR;
				CLANG_WARN_EMPTY_BODY = YES;
				CLANG_WARN_ENUM_CONVERSION = YES;
				CLANG_WARN_INT_CONVERSION = YES;
				CLANG_WARN_OBJC_ROOT_CLASS = YES_ERROR;
				CLANG_WARN__DUPLICATE_METHOD_MATCH = YES;
				"CODE_SIGN_IDENTITY[sdk=iphoneos*]" = "iPhone Developer";
				COPY_PHASE_STRIP = YES;
				ENABLE_NS_ASSERTIONS = NO;
				GCC_C_LANGUAGE_STANDARD = gnu99;
				GCC_WARN_64_TO_32_BIT_CONVERSION = YES;
				GCC_WARN_ABOUT_RETURN_TYPE = YES_ERROR;
				GCC_WARN_UNDECLARED_SELECTOR = YES;
				GCC_WARN_UNINITIALIZED_AUTOS = YES;
				GCC_WARN_UNUSED_FUNCTION = YES;
				GCC_WARN_UNUSED_VARIABLE = YES;
				IPHONEOS_DEPLOYMENT_TARGET = 7.0;
				SDKROOT = iphoneos;
				VALIDATE_PRODUCT = YES;
			};
			name = Release;
		};
		0EDD7E5C188590A2009F8507 /* Debug */ = {
			isa = XCBuildConfiguration;
			baseConfigurationReference = 1E55FD6926DB4C42B323FC7B /* Pods.xcconfig */;
			buildSettings = {
				ASSETCATALOG_COMPILER_APPICON_NAME = AppIcon;
				ASSETCATALOG_COMPILER_LAUNCHIMAGE_NAME = LaunchImage;
				FRAMEWORK_SEARCH_PATHS = (
					"$(inherited)",
					"$(DEVELOPER_FRAMEWORKS_DIR)",
				);
				GCC_PRECOMPILE_PREFIX_HEADER = YES;
				GCC_PREFIX_HEADER = "jeuBoire/YouCanDoIt-Prefix.pch";
				INFOPLIST_FILE = "jeuBoire/YouCanDoIt-Info.plist";
				IPHONEOS_DEPLOYMENT_TARGET = 7.0;
				PRODUCT_NAME = YouCanDoIt;
				TARGETED_DEVICE_FAMILY = 1;
				WRAPPER_EXTENSION = app;
			};
			name = Debug;
		};
		0EDD7E5D188590A2009F8507 /* Release */ = {
			isa = XCBuildConfiguration;
			baseConfigurationReference = 1E55FD6926DB4C42B323FC7B /* Pods.xcconfig */;
			buildSettings = {
				ASSETCATALOG_COMPILER_APPICON_NAME = AppIcon;
				ASSETCATALOG_COMPILER_LAUNCHIMAGE_NAME = LaunchImage;
				FRAMEWORK_SEARCH_PATHS = (
					"$(inherited)",
					"$(DEVELOPER_FRAMEWORKS_DIR)",
				);
				GCC_PRECOMPILE_PREFIX_HEADER = YES;
				GCC_PREFIX_HEADER = "jeuBoire/YouCanDoIt-Prefix.pch";
				INFOPLIST_FILE = "jeuBoire/YouCanDoIt-Info.plist";
				IPHONEOS_DEPLOYMENT_TARGET = 7.0;
				PRODUCT_NAME = YouCanDoIt;
				TARGETED_DEVICE_FAMILY = 1;
				WRAPPER_EXTENSION = app;
			};
			name = Release;
		};
		0EDD7E5F188590A2009F8507 /* Debug */ = {
			isa = XCBuildConfiguration;
			buildSettings = {
				BUNDLE_LOADER = "$(BUILT_PRODUCTS_DIR)/jeuBoire.app/jeuBoire";
				FRAMEWORK_SEARCH_PATHS = (
					"$(SDKROOT)/Developer/Library/Frameworks",
					"$(inherited)",
					"$(DEVELOPER_FRAMEWORKS_DIR)",
				);
				GCC_PRECOMPILE_PREFIX_HEADER = YES;
				GCC_PREFIX_HEADER = "jeuBoire/jeuBoire-Prefix.pch";
				GCC_PREPROCESSOR_DEFINITIONS = (
					"DEBUG=1",
					"$(inherited)",
				);
				INFOPLIST_FILE = "jeuBoireTests/YouCanDoItTests-Info.plist";
				PRODUCT_NAME = YouCanDoItTests;
				TEST_HOST = "$(BUNDLE_LOADER)";
				WRAPPER_EXTENSION = xctest;
			};
			name = Debug;
		};
		0EDD7E60188590A2009F8507 /* Release */ = {
			isa = XCBuildConfiguration;
			buildSettings = {
				BUNDLE_LOADER = "$(BUILT_PRODUCTS_DIR)/jeuBoire.app/jeuBoire";
				FRAMEWORK_SEARCH_PATHS = (
					"$(SDKROOT)/Developer/Library/Frameworks",
					"$(inherited)",
					"$(DEVELOPER_FRAMEWORKS_DIR)",
				);
				GCC_PRECOMPILE_PREFIX_HEADER = YES;
				GCC_PREFIX_HEADER = "jeuBoire/jeuBoire-Prefix.pch";
				INFOPLIST_FILE = "jeuBoireTests/YouCanDoItTests-Info.plist";
				PRODUCT_NAME = YouCanDoItTests;
				TEST_HOST = "$(BUNDLE_LOADER)";
				WRAPPER_EXTENSION = xctest;
			};
			name = Release;
		};
/* End XCBuildConfiguration section */

/* Begin XCConfigurationList section */
		0EDD7E24188590A2009F8507 /* Build configuration list for PBXProject "YouCanDoIt" */ = {
			isa = XCConfigurationList;
			buildConfigurations = (
				0EDD7E59188590A2009F8507 /* Debug */,
				0EDD7E5A188590A2009F8507 /* Release */,
			);
			defaultConfigurationIsVisible = 0;
			defaultConfigurationName = Release;
		};
		0EDD7E5B188590A2009F8507 /* Build configuration list for PBXNativeTarget "YouCanDoIt" */ = {
			isa = XCConfigurationList;
			buildConfigurations = (
				0EDD7E5C188590A2009F8507 /* Debug */,
				0EDD7E5D188590A2009F8507 /* Release */,
			);
			defaultConfigurationIsVisible = 0;
			defaultConfigurationName = Release;
		};
		0EDD7E5E188590A2009F8507 /* Build configuration list for PBXNativeTarget "YouCanDoItTests" */ = {
			isa = XCConfigurationList;
			buildConfigurations = (
				0EDD7E5F188590A2009F8507 /* Debug */,
				0EDD7E60188590A2009F8507 /* Release */,
			);
			defaultConfigurationIsVisible = 0;
			defaultConfigurationName = Release;
		};
/* End XCConfigurationList section */
	};
	rootObject = 0EDD7E21188590A2009F8507 /* Project object */;
}
